
Microsoft Visual Studio Solution File, Format Version 12.00
# Visual Studio Version 17
VisualStudioVersion = 17.2.32519.379
MinimumVisualStudioVersion = 10.0.40219.1
Project("{FAE04EC0-301F-11D3-BF4B-00C04F79EFBC}") = "Egn.Validator", "Egn.Validator\Egn.Validator.csproj", "{C59D7850-BAA5-4439-9917-779BCEE91A64}"
EndProject
Global
	GlobalSection(SolutionConfigurationPlatforms) = preSolution
		Debug|Any CPU = Debug|Any CPU
		Release|Any CPU = Release|Any CPU
	EndGlobalSection
	GlobalSection(ProjectConfigurationPlatforms) = postSolution
		{C59D7850-BAA5-4439-9917-779BCEE91A64}.Debug|Any CPU.ActiveCfg = Debug|Any CPU
		{C59D7850-BAA5-4439-9917-779BCEE91A64}.Debug|Any CPU.Build.0 = Debug|Any CPU
		{C59D7850-BAA5-4439-9917-779BCEE91A64}.Release|Any CPU.ActiveCfg = Release|Any CPU
		{C59D7850-BAA5-4439-9917-779BCEE91A64}.Release|Any CPU.Build.0 = Release|Any CPU
	EndGlobalSection
	GlobalSection(SolutionProperties) = preSolution
		HideSolutionNode = FALSE
	EndGlobalSection
	GlobalSection(ExtensibilityGlobals) = postSolution
		SolutionGuid = {175CC3BD-0A50-4BFE-9312-7C583BB827C9}
	EndGlobalSection
EndGlobal
